// !$*UTF8*$!
{
	archiveVersion = 1;
	classes = {
	};
	objectVersion = 50;
	objects = {

/* Begin PBXBuildFile section */
		84E8C4E12159C6680051D9F3 /* AppDelegate.m in Sources */ = {isa = PBXBuildFile; fileRef = 84E8C4E02159C6680051D9F3 /* AppDelegate.m */; };
		84E8C4E42159C6680051D9F3 /* ViewController.m in Sources */ = {isa = PBXBuildFile; fileRef = 84E8C4E32159C6680051D9F3 /* ViewController.m */; };
		84E8C4E72159C6680051D9F3 /* Main.storyboard in Resources */ = {isa = PBXBuildFile; fileRef = 84E8C4E52159C6680051D9F3 /* Main.storyboard */; };
		84E8C4E92159C6690051D9F3 /* Assets.xcassets in Resources */ = {isa = PBXBuildFile; fileRef = 84E8C4E82159C6690051D9F3 /* Assets.xcassets */; };
		84E8C4EC2159C6690051D9F3 /* LaunchScreen.storyboard in Resources */ = {isa = PBXBuildFile; fileRef = 84E8C4EA2159C6690051D9F3 /* LaunchScreen.storyboard */; };
		84E8C4EF2159C6690051D9F3 /* main.m in Sources */ = {isa = PBXBuildFile; fileRef = 84E8C4EE2159C6690051D9F3 /* main.m */; };
		84E8C4F92159C6690051D9F3 /* MVC_CustomTests.m in Sources */ = {isa = PBXBuildFile; fileRef = 84E8C4F82159C6690051D9F3 /* MVC_CustomTests.m */; };
		84E8C56B2159D79F0051D9F3 /* ShopView.m in Sources */ = {isa = PBXBuildFile; fileRef = 84E8C56A2159D79F0051D9F3 /* ShopView.m */; };
		84E8C56E2159D8550051D9F3 /* Shop.m in Sources */ = {isa = PBXBuildFile; fileRef = 84E8C56D2159D8550051D9F3 /* Shop.m */; };
/* End PBXBuildFile section */

/* Begin PBXContainerItemProxy section */
		84E8C4F52159C6690051D9F3 /* PBXContainerItemProxy */ = {
			isa = PBXContainerItemProxy;
			containerPortal = 84E8C4D42159C6680051D9F3 /* Project object */;
			proxyType = 1;
			remoteGlobalIDString = 84E8C4DB2159C6680051D9F3;
			remoteInfo = MVC_Custom;
		};
/* End PBXContainerItemProxy section */

/* Begin PBXFileReference section */
		84E8C4DC2159C6680051D9F3 /* MVC_Custom.app */ = {isa = PBXFileReference; explicitFileType = wrapper.application; includeInIndex = 0; path = MVC_Custom.app; sourceTree = BUILT_PRODUCTS_DIR; };
		84E8C4DF2159C6680051D9F3 /* AppDelegate.h */ = {isa = PBXFileReference; lastKnownFileType = sourcecode.c.h; path = AppDelegate.h; sourceTree = "<group>"; };
		84E8C4E02159C6680051D9F3 /* AppDelegate.m */ = {isa = PBXFileReference; lastKnownFileType = sourcecode.c.objc; path = AppDelegate.m; sourceTree = "<group>"; };
		84E8C4E22159C6680051D9F3 /* ViewController.h */ = {isa = PBXFileReference; lastKnownFileType = sourcecode.c.h; path = ViewController.h; sourceTree = "<group>"; };
		84E8C4E32159C6680051D9F3 /* ViewController.m */ = {isa = PBXFileReference; lastKnownFileType = sourcecode.c.objc; path = ViewController.m; sourceTree = "<group>"; };
		84E8C4E62159C6680051D9F3 /* Base */ = {isa = PBXFileReference; lastKnownFileType = file.storyboard; name = Base; path = Base.lproj/Main.storyboard; sourceTree = "<group>"; };
		84E8C4E82159C6690051D9F3 /* Assets.xcassets */ = {isa = PBXFileReference; lastKnownFileType = folder.assetcatalog; path = Assets.xcassets; sourceTree = "<group>"; };
		84E8C4EB2159C6690051D9F3 /* Base */ = {isa = PBXFileReference; lastKnownFileType = file.storyboard; name = Base; path = Base.lproj/LaunchScreen.storyboard; sourceTree = "<group>"; };
		84E8C4ED2159C6690051D9F3 /* Info.plist */ = {isa = PBXFileReference; lastKnownFileType = text.plist.xml; path = Info.plist; sourceTree = "<group>"; };
		84E8C4EE2159C6690051D9F3 /* main.m */ = {isa = PBXFileReference; lastKnownFileType = sourcecode.c.objc; path = main.m; sourceTree = "<group>"; };
		84E8C4F42159C6690051D9F3 /* MVC_CustomTests.xctest */ = {isa = PBXFileReference; explicitFileType = wrapper.cfbundle; includeInIndex = 0; path = MVC_CustomTests.xctest; sourceTree = BUILT_PRODUCTS_DIR; };
		84E8C4F82159C6690051D9F3 /* MVC_CustomTests.m */ = {isa = PBXFileReference; lastKnownFileType = sourcecode.c.objc; path = MVC_CustomTests.m; sourceTree = "<group>"; };
		84E8C4FA2159C6690051D9F3 /* Info.plist */ = {isa = PBXFileReference; lastKnownFileType = text.plist.xml; path = Info.plist; sourceTree = "<group>"; };
		84E8C5692159D79F0051D9F3 /* ShopView.h */ = {isa = PBXFileReference; lastKnownFileType = sourcecode.c.h; path = ShopView.h; sourceTree = "<group>"; };
		84E8C56A2159D79F0051D9F3 /* ShopView.m */ = {isa = PBXFileReference; lastKnownFileType = sourcecode.c.objc; path = ShopView.m; sourceTree = "<group>"; };
		84E8C56C2159D8550051D9F3 /* Shop.h */ = {isa = PBXFileReference; lastKnownFileType = sourcecode.c.h; path = Shop.h; sourceTree = "<group>"; };
		84E8C56D2159D8550051D9F3 /* Shop.m */ = {isa = PBXFileReference; lastKnownFileType = sourcecode.c.objc; path = Shop.m; sourceTree = "<group>"; };
/* End PBXFileReference section */

/* Begin PBXFrameworksBuildPhase section */
		84E8C4D92159C6680051D9F3 /* Frameworks */ = {
			isa = PBXFrameworksBuildPhase;
			buildActionMask = 2147483647;
			files = (
			);
			runOnlyForDeploymentPostprocessing = 0;
		};
		84E8C4F12159C6690051D9F3 /* Frameworks */ = {
			isa = PBXFrameworksBuildPhase;
			buildActionMask = 2147483647;
			files = (
			);
			runOnlyForDeploymentPostprocessing = 0;
		};
/* End PBXFrameworksBuildPhase section */

/* Begin PBXGroup section */
		84E8C4D32159C6680051D9F3 = {
			isa = PBXGroup;
			children = (
				84E8C4DE2159C6680051D9F3 /* MVC_Custom */,
				84E8C4F72159C6690051D9F3 /* MVC_CustomTests */,
				84E8C4DD2159C6680051D9F3 /* Products */,
			);
			sourceTree = "<group>";
		};
		84E8C4DD2159C6680051D9F3 /* Products */ = {
			isa = PBXGroup;
			children = (
				84E8C4DC2159C6680051D9F3 /* MVC_Custom.app */,
				84E8C4F42159C6690051D9F3 /* MVC_CustomTests.xctest */,
			);
			name = Products;
			sourceTree = "<group>";
		};
		84E8C4DE2159C6680051D9F3 /* MVC_Custom */ = {
			isa = PBXGroup;
			children = (
				84E8C4DF2159C6680051D9F3 /* AppDelegate.h */,
				84E8C4E02159C6680051D9F3 /* AppDelegate.m */,
				84E8C4E22159C6680051D9F3 /* ViewController.h */,
				84E8C4E32159C6680051D9F3 /* ViewController.m */,
				84E8C5692159D79F0051D9F3 /* ShopView.h */,
				84E8C56A2159D79F0051D9F3 /* ShopView.m */,
				84E8C56C2159D8550051D9F3 /* Shop.h */,
				84E8C56D2159D8550051D9F3 /* Shop.m */,
				84E8C4E52159C6680051D9F3 /* Main.storyboard */,
				84E8C4E82159C6690051D9F3 /* Assets.xcassets */,
				84E8C4EA2159C6690051D9F3 /* LaunchScreen.storyboard */,
				84E8C4ED2159C6690051D9F3 /* Info.plist */,
				84E8C4EE2159C6690051D9F3 /* main.m */,
			);
			path = MVC_Custom;
			sourceTree = "<group>";
		};
		84E8C4F72159C6690051D9F3 /* MVC_CustomTests */ = {
			isa = PBXGroup;
			children = (
				84E8C4F82159C6690051D9F3 /* MVC_CustomTests.m */,
				84E8C4FA2159C6690051D9F3 /* Info.plist */,
			);
			path = MVC_CustomTests;
			sourceTree = "<group>";
		};
/* End PBXGroup section */

/* Begin PBXNativeTarget section */
		84E8C4DB2159C6680051D9F3 /* MVC_Custom */ = {
			isa = PBXNativeTarget;
			buildConfigurationList = 84E8C4FD2159C6690051D9F3 /* Build configuration list for PBXNativeTarget "MVC_Custom" */;
			buildPhases = (
				84E8C4D82159C6680051D9F3 /* Sources */,
				84E8C4D92159C6680051D9F3 /* Frameworks */,
				84E8C4DA2159C6680051D9F3 /* Resources */,
			);
			buildRules = (
			);
			dependencies = (
			);
			name = MVC_Custom;
			productName = MVC_Custom;
			productReference = 84E8C4DC2159C6680051D9F3 /* MVC_Custom.app */;
			productType = "com.apple.product-type.application";
		};
		84E8C4F32159C6690051D9F3 /* MVC_CustomTests */ = {
			isa = PBXNativeTarget;
			buildConfigurationList = 84E8C5002159C6690051D9F3 /* Build configuration list for PBXNativeTarget "MVC_CustomTests" */;
			buildPhases = (
				84E8C4F02159C6690051D9F3 /* Sources */,
				84E8C4F12159C6690051D9F3 /* Frameworks */,
				84E8C4F22159C6690051D9F3 /* Resources */,
			);
			buildRules = (
			);
			dependencies = (
				84E8C4F62159C6690051D9F3 /* PBXTargetDependency */,
			);
			name = MVC_CustomTests;
			productName = MVC_CustomTests;
			productReference = 84E8C4F42159C6690051D9F3 /* MVC_CustomTests.xctest */;
			productType = "com.apple.product-type.bundle.unit-test";
		};
/* End PBXNativeTarget section */

/* Begin PBXProject section */
		84E8C4D42159C6680051D9F3 /* Project object */ = {
			isa = PBXProject;
			attributes = {
				LastUpgradeCheck = 1000;
				ORGANIZATIONNAME = com;
				TargetAttributes = {
					84E8C4DB2159C6680051D9F3 = {
						CreatedOnToolsVersion = 10.0;
					};
					84E8C4F32159C6690051D9F3 = {
						CreatedOnToolsVersion = 10.0;
						TestTargetID = 84E8C4DB2159C6680051D9F3;
					};
				};
			};
			buildConfigurationList = 84E8C4D72159C6680051D9F3 /* Build configuration list for PBXProject "MVC_Custom" */;
			compatibilityVersion = "Xcode 9.3";
			developmentRegion = en;
			hasScannedForEncodings = 0;
			knownRegions = (
				en,
				Base,
			);
			mainGroup = 84E8C4D32159C6680051D9F3;
			productRefGroup = 84E8C4DD2159C6680051D9F3 /* Products */;
			projectDirPath = "";
			projectRoot = "";
			targets = (
				84E8C4DB2159C6680051D9F3 /* MVC_Custom */,
				84E8C4F32159C6690051D9F3 /* MVC_CustomTests */,
			);
		};
/* End PBXProject section */

/* Begin PBXResourcesBuildPhase section */
		84E8C4DA2159C6680051D9F3 /* Resources */ = {
			isa = PBXResourcesBuildPhase;
			buildActionMask = 2147483647;
			files = (
				84E8C4EC2159C6690051D9F3 /* LaunchScreen.storyboard in Resources */,
				84E8C4E92159C6690051D9F3 /* Assets.xcassets in Resources */,
				84E8C4E72159C6680051D9F3 /* Main.storyboard in Resources */,
			);
			runOnlyForDeploymentPostprocessing = 0;
		};
		84E8C4F22159C6690051D9F3 /* Resources */ = {
			isa = PBXResourcesBuildPhase;
			buildActionMask = 2147483647;
			files = (
			);
			runOnlyForDeploymentPostprocessing = 0;
		};
/* End PBXResourcesBuildPhase section */

/* Begin PBXSourcesBuildPhase section */
		84E8C4D82159C6680051D9F3 /* Sources */ = {
			isa = PBXSourcesBuildPhase;
			buildActionMask = 2147483647;
			files = (
				84E8C56E2159D8550051D9F3 /* Shop.m in Sources */,
				84E8C4E42159C6680051D9F3 /* ViewController.m in Sources */,
				84E8C4EF2159C6690051D9F3 /* main.m in Sources */,
				84E8C56B2159D79F0051D9F3 /* ShopView.m in Sources */,
				84E8C4E12159C6680051D9F3 /* AppDelegate.m in Sources */,
			);
			runOnlyForDeploymentPostprocessing = 0;
		};
		84E8C4F02159C6690051D9F3 /* Sources */ = {
			isa = PBXSourcesBuildPhase;
			buildActionMask = 2147483647;
			files = (
				84E8C4F92159C6690051D9F3 /* MVC_CustomTests.m in Sources */,
			);
			runOnlyForDeploymentPostprocessing = 0;
		};
/* End PBXSourcesBuildPhase section */

/* Begin PBXTargetDependency section */
		84E8C4F62159C6690051D9F3 /* PBXTargetDependency */ = {
			isa = PBXTargetDependency;
			target = 84E8C4DB2159C6680051D9F3 /* MVC_Custom */;
			targetProxy = 84E8C4F52159C6690051D9F3 /* PBXContainerItemProxy */;
		};
/* End PBXTargetDependency section */

/* Begin PBXVariantGroup section */
		84E8C4E52159C6680051D9F3 /* Main.storyboard */ = {
			isa = PBXVariantGroup;
			children = (
				84E8C4E62159C6680051D9F3 /* Base */,
			);
			name = Main.storyboard;
			sourceTree = "<group>";
		};
		84E8C4EA2159C6690051D9F3 /* LaunchScreen.storyboard */ = {
			isa = PBXVariantGroup;
			children = (
				84E8C4EB2159C6690051D9F3 /* Base */,
			);
			name = LaunchScreen.storyboard;
			sourceTree = "<group>";
		};
/* End PBXVariantGroup section */

/* Begin XCBuildConfiguration section */
		84E8C4FB2159C6690051D9F3 /* Debug */ = {
			isa = XCBuildConfiguration;
			buildSettings = {
				ALWAYS_SEARCH_USER_PATHS = NO;
				CLANG_ANALYZER_NONNULL = YES;
				CLANG_ANALYZER_NUMBER_OBJECT_CONVERSION = YES_AGGRESSIVE;
				CLANG_CXX_LANGUAGE_STANDARD = "gnu++14";
				CLANG_CXX_LIBRARY = "libc++";
				CLANG_ENABLE_MODULES = YES;
				CLANG_ENABLE_OBJC_ARC = YES;
				CLANG_ENABLE_OBJC_WEAK = YES;
				CLANG_WARN_BLOCK_CAPTURE_AUTORELEASING = YES;
				CLANG_WARN_BOOL_CONVERSION = YES;
				CLANG_WARN_COMMA = YES;
				CLANG_WARN_CONSTANT_CONVERSION = YES;
				CLANG_WARN_DEPRECATED_OBJC_IMPLEMENTATIONS = YES;
				CLANG_WARN_DIRECT_OBJC_ISA_USAGE = YES_ERROR;
				CLANG_WARN_DOCUMENTATION_COMMENTS = YES;
				CLANG_WARN_EMPTY_BODY = YES;
				CLANG_WARN_ENUM_CONVERSION = YES;
				CLANG_WARN_INFINITE_RECURSION = YES;
				CLANG_WARN_INT_CONVERSION = YES;
				CLANG_WARN_NON_LITERAL_NULL_CONVERSION = YES;
				CLANG_WARN_OBJC_IMPLICIT_RETAIN_SELF = YES;
				CLANG_WARN_OBJC_LITERAL_CONVERSION = YES;
				CLANG_WARN_OBJC_ROOT_CLASS = YES_ERROR;
				CLANG_WARN_RANGE_LOOP_ANALYSIS = YES;
				CLANG_WARN_STRICT_PROTOTYPES = YES;
				CLANG_WARN_SUSPICIOUS_MOVE = YES;
				CLANG_WARN_UNGUARDED_AVAILABILITY = YES_AGGRESSIVE;
				CLANG_WARN_UNREACHABLE_CODE = YES;
				CLANG_WARN__DUPLICATE_METHOD_MATCH = YES;
				CODE_SIGN_IDENTITY = "iPhone Developer";
				COPY_PHASE_STRIP = NO;
				DEBUG_INFORMATION_FORMAT = dwarf;
				ENABLE_STRICT_OBJC_MSGSEND = YES;
				ENABLE_TESTABILITY = YES;
				GCC_C_LANGUAGE_STANDARD = gnu11;
				GCC_DYNAMIC_NO_PIC = NO;
				GCC_NO_COMMON_BLOCKS = YES;
				GCC_OPTIMIZATION_LEVEL = 0;
				GCC_PREPROCESSOR_DEFINITIONS = (
					"DEBUG=1",
					"$(inherited)",
				);
				GCC_WARN_64_TO_32_BIT_CONVERSION = YES;
				GCC_WARN_ABOUT_RETURN_TYPE = YES_ERROR;
				GCC_WARN_UNDECLARED_SELECTOR = YES;
				GCC_WARN_UNINITIALIZED_AUTOS = YES_AGGRESSIVE;
				GCC_WARN_UNUSED_FUNCTION = YES;
				GCC_WARN_UNUSED_VARIABLE = YES;
				IPHONEOS_DEPLOYMENT_TARGET = 12.0;
				MTL_ENABLE_DEBUG_INFO = INCLUDE_SOURCE;
				MTL_FAST_MATH = YES;
				ONLY_ACTIVE_ARCH = YES;
				SDKROOT = iphoneos;
			};
			name = Debug;
		};
		84E8C4FC2159C6690051D9F3 /* Release */ = {
			isa = XCBuildConfiguration;
			buildSettings = {
				ALWAYS_SEARCH_USER_PATHS = NO;
				CLANG_ANALYZER_NONNULL = YES;
				CLANG_ANALYZER_NUMBER_OBJECT_CONVERSION = YES_AGGRESSIVE;
				CLANG_CXX_LANGUAGE_STANDARD = "gnu++14";
				CLANG_CXX_LIBRARY = "libc++";
				CLANG_ENABLE_MODULES = YES;
				CLANG_ENABLE_OBJC_ARC = YES;
				CLANG_ENABLE_OBJC_WEAK = YES;
				CLANG_WARN_BLOCK_CAPTURE_AUTORELEASING = YES;
				CLANG_WARN_BOOL_CONVERSION = YES;
				CLANG_WARN_COMMA = YES;
				CLANG_WARN_CONSTANT_CONVERSION = YES;
				CLANG_WARN_DEPRECATED_OBJC_IMPLEMENTATIONS = YES;
				CLANG_WARN_DIRECT_OBJC_ISA_USAGE = YES_ERROR;
				CLANG_WARN_DOCUMENTATION_COMMENTS = YES;
				CLANG_WARN_EMPTY_BODY = YES;
				CLANG_WARN_ENUM_CONVERSION = YES;
				CLANG_WARN_INFINITE_RECURSION = YES;
				CLANG_WARN_INT_CONVERSION = YES;
				CLANG_WARN_NON_LITERAL_NULL_CONVERSION = YES;
				CLANG_WARN_OBJC_IMPLICIT_RETAIN_SELF = YES;
				CLANG_WARN_OBJC_LITERAL_CONVERSION = YES;
				CLANG_WARN_OBJC_ROOT_CLASS = YES_ERROR;
				CLANG_WARN_RANGE_LOOP_ANALYSIS = YES;
				CLANG_WARN_STRICT_PROTOTYPES = YES;
				CLANG_WARN_SUSPICIOUS_MOVE = YES;
				CLANG_WARN_UNGUARDED_AVAILABILITY = YES_AGGRESSIVE;
				CLANG_WARN_UNREACHABLE_CODE = YES;
				CLANG_WARN__DUPLICATE_METHOD_MATCH = YES;
				CODE_SIGN_IDENTITY = "iPhone Developer";
				COPY_PHASE_STRIP = NO;
				DEBUG_INFORMATION_FORMAT = "dwarf-with-dsym";
				ENABLE_NS_ASSERTIONS = NO;
				ENABLE_STRICT_OBJC_MSGSEND = YES;
				GCC_C_LANGUAGE_STANDARD = gnu11;
				GCC_NO_COMMON_BLOCKS = YES;
				GCC_WARN_64_TO_32_BIT_CONVERSION = YES;
				GCC_WARN_ABOUT_RETURN_TYPE = YES_ERROR;
				GCC_WARN_UNDECLARED_SELECTOR = YES;
				GCC_WARN_UNINITIALIZED_AUTOS = YES_AGGRESSIVE;
				GCC_WARN_UNUSED_FUNCTION = YES;
				GCC_WARN_UNUSED_VARIABLE = YES;
				IPHONEOS_DEPLOYMENT_TARGET = 12.0;
				MTL_ENABLE_DEBUG_INFO = NO;
				MTL_FAST_MATH = YES;
				SDKROOT = iphoneos;
				VALIDATE_PRODUCT = YES;
			};
			name = Release;
		};
		84E8C4FE2159C6690051D9F3 /* Debug */ = {
			isa = XCBuildConfiguration;
			buildSettings = {
				ASSETCATALOG_COMPILER_APPICON_NAME = AppIcon;
				CODE_SIGN_STYLE = Manual;
				DEVELOPMENT_TEAM = CKXF9F3R3Y;
				INFOPLIST_FILE = MVC_Custom/Info.plist;
				IPHONEOS_DEPLOYMENT_TARGET = 10.1;
				LD_RUNPATH_SEARCH_PATHS = (
					"$(inherited)",
					"@executable_path/Frameworks",
				);
				PRODUCT_BUNDLE_IDENTIFIER = "com.mz.MVC-Custom";
				PRODUCT_NAME = "$(TARGET_NAME)";
				PROVISIONING_PROFILE_SPECIFIER = customDev;
				TARGETED_DEVICE_FAMILY = "1,2";
			};
			name = Debug;
		};
		84E8C4FF2159C6690051D9F3 /* Release */ = {
			isa = XCBuildConfiguration;
			buildSettings = {
				ASSETCATALOG_COMPILER_APPICON_NAME = AppIcon;
				CODE_SIGN_STYLE = Manual;
				DEVELOPMENT_TEAM = "";
				INFOPLIST_FILE = MVC_Custom/Info.plist;
				IPHONEOS_DEPLOYMENT_TARGET = 10.1;
				LD_RUNPATH_SEARCH_PATHS = (
					"$(inherited)",
					"@executable_path/Frameworks",
				);
				PRODUCT_BUNDLE_IDENTIFIER = "com.mz.MVC-Custom";
				PRODUCT_NAME = "$(TARGET_NAME)";
				PROVISIONING_PROFILE_SPECIFIER = "";
				TARGETED_DEVICE_FAMILY = "1,2";
			};
			name = Release;
		};
		84E8C5012159C6690051D9F3 /* Debug */ = {
			isa = XCBuildConfiguration;
			buildSettings = {
				BUNDLE_LOADER = "$(TEST_HOST)";
				CODE_SIGN_STYLE = Automatic;
				INFOPLIST_FILE = MVC_CustomTests/Info.plist;
				LD_RUNPATH_SEARCH_PATHS = (
					"$(inherited)",
					"@executable_path/Frameworks",
					"@loader_path/Frameworks",
				);
				PRODUCT_BUNDLE_IDENTIFIER = "com.mz.MVC-CustomTests";
				PRODUCT_NAME = "$(TARGET_NAME)";
				TARGETED_DEVICE_FAMILY = "1,2";
				TEST_HOST = "$(BUILT_PRODUCTS_DIR)/MVC_Custom.app/MVC_Custom";
			};
			name = Debug;
		};
		84E8C5022159C6690051D9F3 /* Release */ = {
			isa = XCBuildConfiguration;
			buildSettings = {
				BUNDLE_LOADER = "$(TEST_HOST)";
				CODE_SIGN_STYLE = Automatic;
				INFOPLIST_FILE = MVC_CustomTests/Info.plist;
				LD_RUNPATH_SEARCH_PATHS = (
					"$(inherited)",
					"@executable_path/Frameworks",
					"@loader_path/Frameworks",
				);
				PRODUCT_BUNDLE_IDENTIFIER = "com.mz.MVC-CustomTests";
				PRODUCT_NAME = "$(TARGET_NAME)";
				TARGETED_DEVICE_FAMILY = "1,2";
				TEST_HOST = "$(BUILT_PRODUCTS_DIR)/MVC_Custom.app/MVC_Custom";
			};
			name = Release;
		};
/* End XCBuildConfiguration section */

/* Begin XCConfigurationList section */
		84E8C4D72159C6680051D9F3 /* Build configuration list for PBXProject "MVC_Custom" */ = {
			isa = XCConfigurationList;
			buildConfigurations = (
				84E8C4FB2159C6690051D9F3 /* Debug */,
				84E8C4FC2159C6690051D9F3 /* Release */,
			);
			defaultConfigurationIsVisible = 0;
			defaultConfigurationName = Release;
		};
		84E8C4FD2159C6690051D9F3 /* Build configuration list for PBXNativeTarget "MVC_Custom" */ = {
			isa = XCConfigurationList;
			buildConfigurations = (
				84E8C4FE2159C6690051D9F3 /* Debug */,
				84E8C4FF2159C6690051D9F3 /* Release */,
			);
			defaultConfigurationIsVisible = 0;
			defaultConfigurationName = Release;
		};
		84E8C5002159C6690051D9F3 /* Build configuration list for PBXNativeTarget "MVC_CustomTests" */ = {
			isa = XCConfigurationList;
			buildConfigurations = (
				84E8C5012159C6690051D9F3 /* Debug */,
				84E8C5022159C6690051D9F3 /* Release */,
			);
			defaultConfigurationIsVisible = 0;
			defaultConfigurationName = Release;
		};
/* End XCConfigurationList section */
	};
	rootObject = 84E8C4D42159C6680051D9F3 /* Project object */;
}
